// !$*UTF8*$!
{
	archiveVersion = 1;
	classes = {
	};
	objectVersion = 56;
	objects = {

/* Begin PBXBuildFile section */
		393728572D3FEF57003CB76E /* AppDelegate.swift in Sources */ = {isa = PBXBuildFile; fileRef = 393728562D3FEF57003CB76E /* AppDelegate.swift */; };
		393728592D3FEF57003CB76E /* SceneDelegate.swift in Sources */ = {isa = PBXBuildFile; fileRef = 393728582D3FEF57003CB76E /* SceneDelegate.swift */; };
		393728612D3FEF57003CB76E /* LoginPractice.xcdatamodeld in Sources */ = {isa = PBXBuildFile; fileRef = 3937285F2D3FEF57003CB76E /* LoginPractice.xcdatamodeld */; };
		393728632D3FEF5B003CB76E /* Assets.xcassets in Resources */ = {isa = PBXBuildFile; fileRef = 393728622D3FEF5B003CB76E /* Assets.xcassets */; };
		393728662D3FEF5B003CB76E /* Base in Resources */ = {isa = PBXBuildFile; fileRef = 393728652D3FEF5B003CB76E /* Base */; };
		3937286E2D3FF01A003CB76E /* BaseController.swift in Sources */ = {isa = PBXBuildFile; fileRef = 3937286D2D3FF01A003CB76E /* BaseController.swift */; };
		393728702D3FF22B003CB76E /* HomeViewController.swift in Sources */ = {isa = PBXBuildFile; fileRef = 3937286F2D3FF22B003CB76E /* HomeViewController.swift */; };
		393728722D40304A003CB76E /* CoordinatorProtocol.swift in Sources */ = {isa = PBXBuildFile; fileRef = 393728712D40304A003CB76E /* CoordinatorProtocol.swift */; };
		393728742D4030F9003CB76E /* LoginCoordinator.swift in Sources */ = {isa = PBXBuildFile; fileRef = 393728732D4030F9003CB76E /* LoginCoordinator.swift */; };
		393728782D403566003CB76E /* LoginViewController.swift in Sources */ = {isa = PBXBuildFile; fileRef = 393728772D403566003CB76E /* LoginViewController.swift */; };
		39955E5A2D418A5D00E4A76B /* RegisterCoordinator.swift in Sources */ = {isa = PBXBuildFile; fileRef = 39955E592D418A5D00E4A76B /* RegisterCoordinator.swift */; };
		39955E5C2D418AE100E4A76B /* RegisterViewController.swift in Sources */ = {isa = PBXBuildFile; fileRef = 39955E5B2D418AE100E4A76B /* RegisterViewController.swift */; };
/* End PBXBuildFile section */

/* Begin PBXFileReference section */
		393728532D3FEF57003CB76E /* LoginPractice.app */ = {isa = PBXFileReference; explicitFileType = wrapper.application; includeInIndex = 0; path = LoginPractice.app; sourceTree = BUILT_PRODUCTS_DIR; };
		393728562D3FEF57003CB76E /* AppDelegate.swift */ = {isa = PBXFileReference; lastKnownFileType = sourcecode.swift; path = AppDelegate.swift; sourceTree = "<group>"; };
		393728582D3FEF57003CB76E /* SceneDelegate.swift */ = {isa = PBXFileReference; lastKnownFileType = sourcecode.swift; path = SceneDelegate.swift; sourceTree = "<group>"; };
		393728602D3FEF57003CB76E /* LoginPractice.xcdatamodel */ = {isa = PBXFileReference; lastKnownFileType = wrapper.xcdatamodel; path = LoginPractice.xcdatamodel; sourceTree = "<group>"; };
		393728622D3FEF5B003CB76E /* Assets.xcassets */ = {isa = PBXFileReference; lastKnownFileType = folder.assetcatalog; path = Assets.xcassets; sourceTree = "<group>"; };
		393728652D3FEF5B003CB76E /* Base */ = {isa = PBXFileReference; lastKnownFileType = file.storyboard; name = Base; path = Base.lproj/LaunchScreen.storyboard; sourceTree = "<group>"; };
		393728672D3FEF5B003CB76E /* Info.plist */ = {isa = PBXFileReference; lastKnownFileType = text.plist.xml; path = Info.plist; sourceTree = "<group>"; };
		3937286D2D3FF01A003CB76E /* BaseController.swift */ = {isa = PBXFileReference; lastKnownFileType = sourcecode.swift; path = BaseController.swift; sourceTree = "<group>"; };
		3937286F2D3FF22B003CB76E /* HomeViewController.swift */ = {isa = PBXFileReference; lastKnownFileType = sourcecode.swift; path = HomeViewController.swift; sourceTree = "<group>"; };
		393728712D40304A003CB76E /* CoordinatorProtocol.swift */ = {isa = PBXFileReference; lastKnownFileType = sourcecode.swift; path = CoordinatorProtocol.swift; sourceTree = "<group>"; };
		393728732D4030F9003CB76E /* LoginCoordinator.swift */ = {isa = PBXFileReference; lastKnownFileType = sourcecode.swift; path = LoginCoordinator.swift; sourceTree = "<group>"; };
		393728772D403566003CB76E /* LoginViewController.swift */ = {isa = PBXFileReference; lastKnownFileType = sourcecode.swift; path = LoginViewController.swift; sourceTree = "<group>"; };
		39955E592D418A5D00E4A76B /* RegisterCoordinator.swift */ = {isa = PBXFileReference; lastKnownFileType = sourcecode.swift; path = RegisterCoordinator.swift; sourceTree = "<group>"; };
		39955E5B2D418AE100E4A76B /* RegisterViewController.swift */ = {isa = PBXFileReference; lastKnownFileType = sourcecode.swift; path = RegisterViewController.swift; sourceTree = "<group>"; };
/* End PBXFileReference section */

/* Begin PBXFrameworksBuildPhase section */
		393728502D3FEF57003CB76E /* Frameworks */ = {
			isa = PBXFrameworksBuildPhase;
			buildActionMask = 2147483647;
			files = (
			);
			runOnlyForDeploymentPostprocessing = 0;
		};
/* End PBXFrameworksBuildPhase section */

/* Begin PBXGroup section */
		3937284A2D3FEF57003CB76E = {
			isa = PBXGroup;
			children = (
				393728552D3FEF57003CB76E /* LoginPractice */,
				393728542D3FEF57003CB76E /* Products */,
			);
			sourceTree = "<group>";
		};
		393728542D3FEF57003CB76E /* Products */ = {
			isa = PBXGroup;
			children = (
				393728532D3FEF57003CB76E /* LoginPractice.app */,
			);
			name = Products;
			sourceTree = "<group>";
		};
		393728552D3FEF57003CB76E /* LoginPractice */ = {
			isa = PBXGroup;
			children = (
				393728562D3FEF57003CB76E /* AppDelegate.swift */,
				393728582D3FEF57003CB76E /* SceneDelegate.swift */,
				3937286D2D3FF01A003CB76E /* BaseController.swift */,
				39955E5E2D46C2BC00E4A76B /* Controllers */,
				39955E5D2D426BA400E4A76B /* Coordinator */,
				393728622D3FEF5B003CB76E /* Assets.xcassets */,
				393728642D3FEF5B003CB76E /* LaunchScreen.storyboard */,
				393728672D3FEF5B003CB76E /* Info.plist */,
				3937285F2D3FEF57003CB76E /* LoginPractice.xcdatamodeld */,
			);
			path = LoginPractice;
			sourceTree = "<group>";
		};
		39955E5D2D426BA400E4A76B /* Coordinator */ = {
			isa = PBXGroup;
			children = (
				393728712D40304A003CB76E /* CoordinatorProtocol.swift */,
				393728732D4030F9003CB76E /* LoginCoordinator.swift */,
				39955E592D418A5D00E4A76B /* RegisterCoordinator.swift */,
			);
			path = Coordinator;
			sourceTree = "<group>";
		};
		39955E5E2D46C2BC00E4A76B /* Controllers */ = {
			isa = PBXGroup;
			children = (
				3937286F2D3FF22B003CB76E /* HomeViewController.swift */,
				393728772D403566003CB76E /* LoginViewController.swift */,
				39955E5B2D418AE100E4A76B /* RegisterViewController.swift */,
			);
			path = Controllers;
			sourceTree = "<group>";
		};
/* End PBXGroup section */

/* Begin PBXNativeTarget section */
		393728522D3FEF57003CB76E /* LoginPractice */ = {
			isa = PBXNativeTarget;
			buildConfigurationList = 3937286A2D3FEF5B003CB76E /* Build configuration list for PBXNativeTarget "LoginPractice" */;
			buildPhases = (
				3937284F2D3FEF57003CB76E /* Sources */,
				393728502D3FEF57003CB76E /* Frameworks */,
				393728512D3FEF57003CB76E /* Resources */,
			);
			buildRules = (
			);
			dependencies = (
			);
			name = LoginPractice;
			productName = LoginPractice;
			productReference = 393728532D3FEF57003CB76E /* LoginPractice.app */;
			productType = "com.apple.product-type.application";
		};
/* End PBXNativeTarget section */

/* Begin PBXProject section */
		3937284B2D3FEF57003CB76E /* Project object */ = {
			isa = PBXProject;
			attributes = {
				BuildIndependentTargetsInParallel = 1;
				LastSwiftUpdateCheck = 1540;
				LastUpgradeCheck = 1540;
				TargetAttributes = {
					393728522D3FEF57003CB76E = {
						CreatedOnToolsVersion = 15.4;
					};
				};
			};
			buildConfigurationList = 3937284E2D3FEF57003CB76E /* Build configuration list for PBXProject "LoginPractice" */;
			compatibilityVersion = "Xcode 14.0";
			developmentRegion = en;
			hasScannedForEncodings = 0;
			knownRegions = (
				en,
				Base,
			);
			mainGroup = 3937284A2D3FEF57003CB76E;
			productRefGroup = 393728542D3FEF57003CB76E /* Products */;
			projectDirPath = "";
			projectRoot = "";
			targets = (
				393728522D3FEF57003CB76E /* LoginPractice */,
			);
		};
/* End PBXProject section */

/* Begin PBXResourcesBuildPhase section */
		393728512D3FEF57003CB76E /* Resources */ = {
			isa = PBXResourcesBuildPhase;
			buildActionMask = 2147483647;
			files = (
				393728632D3FEF5B003CB76E /* Assets.xcassets in Resources */,
				393728662D3FEF5B003CB76E /* Base in Resources */,
			);
			runOnlyForDeploymentPostprocessing = 0;
		};
/* End PBXResourcesBuildPhase section */

/* Begin PBXSourcesBuildPhase section */
		3937284F2D3FEF57003CB76E /* Sources */ = {
			isa = PBXSourcesBuildPhase;
			buildActionMask = 2147483647;
			files = (
				393728572D3FEF57003CB76E /* AppDelegate.swift in Sources */,
				39955E5C2D418AE100E4A76B /* RegisterViewController.swift in Sources */,
				393728612D3FEF57003CB76E /* LoginPractice.xcdatamodeld in Sources */,
				39955E5A2D418A5D00E4A76B /* RegisterCoordinator.swift in Sources */,
				393728722D40304A003CB76E /* CoordinatorProtocol.swift in Sources */,
				3937286E2D3FF01A003CB76E /* BaseController.swift in Sources */,
				393728782D403566003CB76E /* LoginViewController.swift in Sources */,
				393728702D3FF22B003CB76E /* HomeViewController.swift in Sources */,
				393728592D3FEF57003CB76E /* SceneDelegate.swift in Sources */,
				393728742D4030F9003CB76E /* LoginCoordinator.swift in Sources */,
			);
			runOnlyForDeploymentPostprocessing = 0;
		};
/* End PBXSourcesBuildPhase section */

/* Begin PBXVariantGroup section */
		393728642D3FEF5B003CB76E /* LaunchScreen.storyboard */ = {
			isa = PBXVariantGroup;
			children = (
				393728652D3FEF5B003CB76E /* Base */,
			);
			name = LaunchScreen.storyboard;
			sourceTree = "<group>";
		};
/* End PBXVariantGroup section */

/* Begin XCBuildConfiguration section */
		393728682D3FEF5B003CB76E /* Debug */ = {
			isa = XCBuildConfiguration;
			buildSettings = {
				ALWAYS_SEARCH_USER_PATHS = NO;
				ASSETCATALOG_COMPILER_GENERATE_SWIFT_ASSET_SYMBOL_EXTENSIONS = YES;
				CLANG_ANALYZER_NONNULL = YES;
				CLANG_ANALYZER_NUMBER_OBJECT_CONVERSION = YES_AGGRESSIVE;
				CLANG_CXX_LANGUAGE_STANDARD = "gnu++20";
				CLANG_ENABLE_MODULES = YES;
				CLANG_ENABLE_OBJC_ARC = YES;
				CLANG_ENABLE_OBJC_WEAK = YES;
				CLANG_WARN_BLOCK_CAPTURE_AUTORELEASING = YES;
				CLANG_WARN_BOOL_CONVERSION = YES;
				CLANG_WARN_COMMA = YES;
				CLANG_WARN_CONSTANT_CONVERSION = YES;
				CLANG_WARN_DEPRECATED_OBJC_IMPLEMENTATIONS = YES;
				CLANG_WARN_DIRECT_OBJC_ISA_USAGE = YES_ERROR;
				CLANG_WARN_DOCUMENTATION_COMMENTS = YES;
				CLANG_WARN_EMPTY_BODY = YES;
				CLANG_WARN_ENUM_CONVERSION = YES;
				CLANG_WARN_INFINITE_RECURSION = YES;
				CLANG_WARN_INT_CONVERSION = YES;
				CLANG_WARN_NON_LITERAL_NULL_CONVERSION = YES;
				CLANG_WARN_OBJC_IMPLICIT_RETAIN_SELF = YES;
				CLANG_WARN_OBJC_LITERAL_CONVERSION = YES;
				CLANG_WARN_OBJC_ROOT_CLASS = YES_ERROR;
				CLANG_WARN_QUOTED_INCLUDE_IN_FRAMEWORK_HEADER = YES;
				CLANG_WARN_RANGE_LOOP_ANALYSIS = YES;
				CLANG_WARN_STRICT_PROTOTYPES = YES;
				CLANG_WARN_SUSPICIOUS_MOVE = YES;
				CLANG_WARN_UNGUARDED_AVAILABILITY = YES_AGGRESSIVE;
				CLANG_WARN_UNREACHABLE_CODE = YES;
				CLANG_WARN__DUPLICATE_METHOD_MATCH = YES;
				COPY_PHASE_STRIP = NO;
				DEBUG_INFORMATION_FORMAT = dwarf;
				ENABLE_STRICT_OBJC_MSGSEND = YES;
				ENABLE_TESTABILITY = YES;
				ENABLE_USER_SCRIPT_SANDBOXING = YES;
				GCC_C_LANGUAGE_STANDARD = gnu17;
				GCC_DYNAMIC_NO_PIC = NO;
				GCC_NO_COMMON_BLOCKS = YES;
				GCC_OPTIMIZATION_LEVEL = 0;
				GCC_PREPROCESSOR_DEFINITIONS = (
					"DEBUG=1",
					"$(inherited)",
				);
				GCC_WARN_64_TO_32_BIT_CONVERSION = YES;
				GCC_WARN_ABOUT_RETURN_TYPE = YES_ERROR;
				GCC_WARN_UNDECLARED_SELECTOR = YES;
				GCC_WARN_UNINITIALIZED_AUTOS = YES_AGGRESSIVE;
				GCC_WARN_UNUSED_FUNCTION = YES;
				GCC_WARN_UNUSED_VARIABLE = YES;
				IPHONEOS_DEPLOYMENT_TARGET = 17.5;
				LOCALIZATION_PREFERS_STRING_CATALOGS = YES;
				MTL_ENABLE_DEBUG_INFO = INCLUDE_SOURCE;
				MTL_FAST_MATH = YES;
				ONLY_ACTIVE_ARCH = YES;
				SDKROOT = iphoneos;
				SWIFT_ACTIVE_COMPILATION_CONDITIONS = "DEBUG $(inherited)";
				SWIFT_OPTIMIZATION_LEVEL = "-Onone";
			};
			name = Debug;
		};
		393728692D3FEF5B003CB76E /* Release */ = {
			isa = XCBuildConfiguration;
			buildSettings = {
				ALWAYS_SEARCH_USER_PATHS = NO;
				ASSETCATALOG_COMPILER_GENERATE_SWIFT_ASSET_SYMBOL_EXTENSIONS = YES;
				CLANG_ANALYZER_NONNULL = YES;
				CLANG_ANALYZER_NUMBER_OBJECT_CONVERSION = YES_AGGRESSIVE;
				CLANG_CXX_LANGUAGE_STANDARD = "gnu++20";
				CLANG_ENABLE_MODULES = YES;
				CLANG_ENABLE_OBJC_ARC = YES;
				CLANG_ENABLE_OBJC_WEAK = YES;
				CLANG_WARN_BLOCK_CAPTURE_AUTORELEASING = YES;
				CLANG_WARN_BOOL_CONVERSION = YES;
				CLANG_WARN_COMMA = YES;
				CLANG_WARN_CONSTANT_CONVERSION = YES;
				CLANG_WARN_DEPRECATED_OBJC_IMPLEMENTATIONS = YES;
				CLANG_WARN_DIRECT_OBJC_ISA_USAGE = YES_ERROR;
				CLANG_WARN_DOCUMENTATION_COMMENTS = YES;
				CLANG_WARN_EMPTY_BODY = YES;
				CLANG_WARN_ENUM_CONVERSION = YES;
				CLANG_WARN_INFINITE_RECURSION = YES;
				CLANG_WARN_INT_CONVERSION = YES;
				CLANG_WARN_NON_LITERAL_NULL_CONVERSION = YES;
				CLANG_WARN_OBJC_IMPLICIT_RETAIN_SELF = YES;
				CLANG_WARN_OBJC_LITERAL_CONVERSION = YES;
				CLANG_WARN_OBJC_ROOT_CLASS = YES_ERROR;
				CLANG_WARN_QUOTED_INCLUDE_IN_FRAMEWORK_HEADER = YES;
				CLANG_WARN_RANGE_LOOP_ANALYSIS = YES;
				CLANG_WARN_STRICT_PROTOTYPES = YES;
				CLANG_WARN_SUSPICIOUS_MOVE = YES;
				CLANG_WARN_UNGUARDED_AVAILABILITY = YES_AGGRESSIVE;
				CLANG_WARN_UNREACHABLE_CODE = YES;
				CLANG_WARN__DUPLICATE_METHOD_MATCH = YES;
				COPY_PHASE_STRIP = NO;
				DEBUG_INFORMATION_FORMAT = "dwarf-with-dsym";
				ENABLE_NS_ASSERTIONS = NO;
				ENABLE_STRICT_OBJC_MSGSEND = YES;
				ENABLE_USER_SCRIPT_SANDBOXING = YES;
				GCC_C_LANGUAGE_STANDARD = gnu17;
				GCC_NO_COMMON_BLOCKS = YES;
				GCC_WARN_64_TO_32_BIT_CONVERSION = YES;
				GCC_WARN_ABOUT_RETURN_TYPE = YES_ERROR;
				GCC_WARN_UNDECLARED_SELECTOR = YES;
				GCC_WARN_UNINITIALIZED_AUTOS = YES_AGGRESSIVE;
				GCC_WARN_UNUSED_FUNCTION = YES;
				GCC_WARN_UNUSED_VARIABLE = YES;
				IPHONEOS_DEPLOYMENT_TARGET = 17.5;
				LOCALIZATION_PREFERS_STRING_CATALOGS = YES;
				MTL_ENABLE_DEBUG_INFO = NO;
				MTL_FAST_MATH = YES;
				SDKROOT = iphoneos;
				SWIFT_COMPILATION_MODE = wholemodule;
				VALIDATE_PRODUCT = YES;
			};
			name = Release;
		};
		3937286B2D3FEF5B003CB76E /* Debug */ = {
			isa = XCBuildConfiguration;
			buildSettings = {
				ASSETCATALOG_COMPILER_APPICON_NAME = AppIcon;
				ASSETCATALOG_COMPILER_GLOBAL_ACCENT_COLOR_NAME = AccentColor;
				CODE_SIGN_STYLE = Automatic;
				CURRENT_PROJECT_VERSION = 1;
				GENERATE_INFOPLIST_FILE = YES;
				INFOPLIST_FILE = LoginPractice/Info.plist;
				INFOPLIST_KEY_UIApplicationSupportsIndirectInputEvents = YES;
				INFOPLIST_KEY_UILaunchStoryboardName = LaunchScreen;
				INFOPLIST_KEY_UISupportedInterfaceOrientations_iPad = "UIInterfaceOrientationPortrait UIInterfaceOrientationPortraitUpsideDown UIInterfaceOrientationLandscapeLeft UIInterfaceOrientationLandscapeRight";
				INFOPLIST_KEY_UISupportedInterfaceOrientations_iPhone = "UIInterfaceOrientationPortrait UIInterfaceOrientationLandscapeLeft UIInterfaceOrientationLandscapeRight";
				LD_RUNPATH_SEARCH_PATHS = (
					"$(inherited)",
					"@executable_path/Frameworks",
				);
				MARKETING_VERSION = 1.0;
				PRODUCT_BUNDLE_IDENTIFIER = com.Cicek.LoginPractice;
				PRODUCT_NAME = "$(TARGET_NAME)";
				SWIFT_EMIT_LOC_STRINGS = YES;
				SWIFT_VERSION = 5.0;
				TARGETED_DEVICE_FAMILY = "1,2";
			};
			name = Debug;
		};
		3937286C2D3FEF5B003CB76E /* Release */ = {
			isa = XCBuildConfiguration;
			buildSettings = {
				ASSETCATALOG_COMPILER_APPICON_NAME = AppIcon;
				ASSETCATALOG_COMPILER_GLOBAL_ACCENT_COLOR_NAME = AccentColor;
				CODE_SIGN_STYLE = Automatic;
				CURRENT_PROJECT_VERSION = 1;
				GENERATE_INFOPLIST_FILE = YES;
				INFOPLIST_FILE = LoginPractice/Info.plist;
				INFOPLIST_KEY_UIApplicationSupportsIndirectInputEvents = YES;
				INFOPLIST_KEY_UILaunchStoryboardName = LaunchScreen;
				INFOPLIST_KEY_UISupportedInterfaceOrientations_iPad = "UIInterfaceOrientationPortrait UIInterfaceOrientationPortraitUpsideDown UIInterfaceOrientationLandscapeLeft UIInterfaceOrientationLandscapeRight";
				INFOPLIST_KEY_UISupportedInterfaceOrientations_iPhone = "UIInterfaceOrientationPortrait UIInterfaceOrientationLandscapeLeft UIInterfaceOrientationLandscapeRight";
				LD_RUNPATH_SEARCH_PATHS = (
					"$(inherited)",
					"@executable_path/Frameworks",
				);
				MARKETING_VERSION = 1.0;
				PRODUCT_BUNDLE_IDENTIFIER = com.Cicek.LoginPractice;
				PRODUCT_NAME = "$(TARGET_NAME)";
				SWIFT_EMIT_LOC_STRINGS = YES;
				SWIFT_VERSION = 5.0;
				TARGETED_DEVICE_FAMILY = "1,2";
			};
			name = Release;
		};
/* End XCBuildConfiguration section */

/* Begin XCConfigurationList section */
		3937284E2D3FEF57003CB76E /* Build configuration list for PBXProject "LoginPractice" */ = {
			isa = XCConfigurationList;
			buildConfigurations = (
				393728682D3FEF5B003CB76E /* Debug */,
				393728692D3FEF5B003CB76E /* Release */,
			);
			defaultConfigurationIsVisible = 0;
			defaultConfigurationName = Release;
		};
		3937286A2D3FEF5B003CB76E /* Build configuration list for PBXNativeTarget "LoginPractice" */ = {
			isa = XCConfigurationList;
			buildConfigurations = (
				3937286B2D3FEF5B003CB76E /* Debug */,
				3937286C2D3FEF5B003CB76E /* Release */,
			);
			defaultConfigurationIsVisible = 0;
			defaultConfigurationName = Release;
		};
/* End XCConfigurationList section */

/* Begin XCVersionGroup section */
		3937285F2D3FEF57003CB76E /* LoginPractice.xcdatamodeld */ = {
			isa = XCVersionGroup;
			children = (
				393728602D3FEF57003CB76E /* LoginPractice.xcdatamodel */,
			);
			currentVersion = 393728602D3FEF57003CB76E /* LoginPractice.xcdatamodel */;
			path = LoginPractice.xcdatamodeld;
			sourceTree = "<group>";
			versionGroupType = wrapper.xcdatamodel;
		};
/* End XCVersionGroup section */
	};
	rootObject = 3937284B2D3FEF57003CB76E /* Project object */;
}
